
Microsoft Visual Studio Solution File, Format Version 12.00
# Visual Studio Version 17
VisualStudioVersion = 17.5.33516.290
MinimumVisualStudioVersion = 10.0.40219.1
Project("{FAE04EC0-301F-11D3-BF4B-00C04F79EFBC}") = "epi.switcher.extron.quantum", "epi.switcher.extron.quantum.csproj", "{4B46DE7C-EEBD-4D29-8A60-279B12847490}"
EndProject
Global
	GlobalSection(SolutionConfigurationPlatforms) = preSolution
		Debug|Any CPU = Debug|Any CPU
		Release|Any CPU = Release|Any CPU
	EndGlobalSection
	GlobalSection(ProjectConfigurationPlatforms) = postSolution
		{4B46DE7C-EEBD-4D29-8A60-279B12847490}.Debug|Any CPU.ActiveCfg = Debug|Any CPU
		{4B46DE7C-EEBD-4D29-8A60-279B12847490}.Debug|Any CPU.Build.0 = Debug|Any CPU
		{4B46DE7C-EEBD-4D29-8A60-279B12847490}.Release|Any CPU.ActiveCfg = Release|Any CPU
		{4B46DE7C-EEBD-4D29-8A60-279B12847490}.Release|Any CPU.Build.0 = Release|Any CPU
	EndGlobalSection
	GlobalSection(SolutionProperties) = preSolution
		HideSolutionNode = FALSE
	EndGlobalSection
	GlobalSection(ExtensibilityGlobals) = postSolution
		SolutionGuid = {996F35AA-0CD5-4326-B9B1-C8912A0AD232}
	EndGlobalSection
EndGlobal
